
Microsoft Visual Studio Solution File, Format Version 12.00
# Visual Studio 15
VisualStudioVersion = 15.0.27130.2024
MinimumVisualStudioVersion = 10.0.40219.1
Project("{FAE04EC0-301F-11D3-BF4B-00C04F79EFBC}") = "JuegoDado", "JuegoDado\JuegoDado.csproj", "{3B8D931F-FBF6-4F19-B3DB-C692ACDF3DB3}"
	ProjectSection(ProjectDependencies) = postProject
		{E0689D35-6B7C-4565-AE3A-F243B638EB6A} = {E0689D35-6B7C-4565-AE3A-F243B638EB6A}
		{9D3DF53D-A62A-4F44-91FA-A7A911CB77C0} = {9D3DF53D-A62A-4F44-91FA-A7A911CB77C0}
	EndProjectSection
EndProject
Project("{FAE04EC0-301F-11D3-BF4B-00C04F79EFBC}") = "JuegoDadoDAL", "JuegoDadoDAL\JuegoDadoDAL.csproj", "{7A6E97EB-6331-4B0D-BCA3-A566D866EDF1}"
	ProjectSection(ProjectDependencies) = postProject
		{9D3DF53D-A62A-4F44-91FA-A7A911CB77C0} = {9D3DF53D-A62A-4F44-91FA-A7A911CB77C0}
	EndProjectSection
EndProject
Project("{FAE04EC0-301F-11D3-BF4B-00C04F79EFBC}") = "JuegoDadoENL", "JuegoDadoENL\JuegoDadoENL.csproj", "{9D3DF53D-A62A-4F44-91FA-A7A911CB77C0}"
EndProject
Project("{FAE04EC0-301F-11D3-BF4B-00C04F79EFBC}") = "JuegoDadoBOL", "JuegoDadoBOL\JuegoDadoBOL.csproj", "{E0689D35-6B7C-4565-AE3A-F243B638EB6A}"
	ProjectSection(ProjectDependencies) = postProject
		{9D3DF53D-A62A-4F44-91FA-A7A911CB77C0} = {9D3DF53D-A62A-4F44-91FA-A7A911CB77C0}
		{7A6E97EB-6331-4B0D-BCA3-A566D866EDF1} = {7A6E97EB-6331-4B0D-BCA3-A566D866EDF1}
	EndProjectSection
EndProject
Global
	GlobalSection(SolutionConfigurationPlatforms) = preSolution
		Debug|Any CPU = Debug|Any CPU
		Release|Any CPU = Release|Any CPU
	EndGlobalSection
	GlobalSection(ProjectConfigurationPlatforms) = postSolution
		{3B8D931F-FBF6-4F19-B3DB-C692ACDF3DB3}.Debug|Any CPU.ActiveCfg = Debug|Any CPU
		{3B8D931F-FBF6-4F19-B3DB-C692ACDF3DB3}.Debug|Any CPU.Build.0 = Debug|Any CPU
		{3B8D931F-FBF6-4F19-B3DB-C692ACDF3DB3}.Release|Any CPU.ActiveCfg = Release|Any CPU
		{3B8D931F-FBF6-4F19-B3DB-C692ACDF3DB3}.Release|Any CPU.Build.0 = Release|Any CPU
		{7A6E97EB-6331-4B0D-BCA3-A566D866EDF1}.Debug|Any CPU.ActiveCfg = Debug|Any CPU
		{7A6E97EB-6331-4B0D-BCA3-A566D866EDF1}.Debug|Any CPU.Build.0 = Debug|Any CPU
		{7A6E97EB-6331-4B0D-BCA3-A566D866EDF1}.Release|Any CPU.ActiveCfg = Release|Any CPU
		{7A6E97EB-6331-4B0D-BCA3-A566D866EDF1}.Release|Any CPU.Build.0 = Release|Any CPU
		{9D3DF53D-A62A-4F44-91FA-A7A911CB77C0}.Debug|Any CPU.ActiveCfg = Debug|Any CPU
		{9D3DF53D-A62A-4F44-91FA-A7A911CB77C0}.Debug|Any CPU.Build.0 = Debug|Any CPU
		{9D3DF53D-A62A-4F44-91FA-A7A911CB77C0}.Release|Any CPU.ActiveCfg = Release|Any CPU
		{9D3DF53D-A62A-4F44-91FA-A7A911CB77C0}.Release|Any CPU.Build.0 = Release|Any CPU
		{E0689D35-6B7C-4565-AE3A-F243B638EB6A}.Debug|Any CPU.ActiveCfg = Debug|Any CPU
		{E0689D35-6B7C-4565-AE3A-F243B638EB6A}.Debug|Any CPU.Build.0 = Debug|Any CPU
		{E0689D35-6B7C-4565-AE3A-F243B638EB6A}.Release|Any CPU.ActiveCfg = Release|Any CPU
		{E0689D35-6B7C-4565-AE3A-F243B638EB6A}.Release|Any CPU.Build.0 = Release|Any CPU
	EndGlobalSection
	GlobalSection(SolutionProperties) = preSolution
		HideSolutionNode = FALSE
	EndGlobalSection
	GlobalSection(ExtensibilityGlobals) = postSolution
		SolutionGuid = {17E4DBA4-8301-4A31-B093-E8FD5913A93D}
	EndGlobalSection
EndGlobal
