
Microsoft Visual Studio Solution File, Format Version 12.00
# Visual Studio 15
VisualStudioVersion = 15.0.27130.2024
MinimumVisualStudioVersion = 10.0.40219.1
Project("{FAE04EC0-301F-11D3-BF4B-00C04F79EFBC}") = "PracticaUno", "ConsoleApp1\PracticaUno.csproj", "{DFA7ABE3-4031-46B4-A7A6-B59B7B8F2D20}"
EndProject
Global
	GlobalSection(SolutionConfigurationPlatforms) = preSolution
		Debug|Any CPU = Debug|Any CPU
		Release|Any CPU = Release|Any CPU
	EndGlobalSection
	GlobalSection(ProjectConfigurationPlatforms) = postSolution
		{DFA7ABE3-4031-46B4-A7A6-B59B7B8F2D20}.Debug|Any CPU.ActiveCfg = Debug|Any CPU
		{DFA7ABE3-4031-46B4-A7A6-B59B7B8F2D20}.Debug|Any CPU.Build.0 = Debug|Any CPU
		{DFA7ABE3-4031-46B4-A7A6-B59B7B8F2D20}.Release|Any CPU.ActiveCfg = Release|Any CPU
		{DFA7ABE3-4031-46B4-A7A6-B59B7B8F2D20}.Release|Any CPU.Build.0 = Release|Any CPU
	EndGlobalSection
	GlobalSection(SolutionProperties) = preSolution
		HideSolutionNode = FALSE
	EndGlobalSection
	GlobalSection(ExtensibilityGlobals) = postSolution
		SolutionGuid = {459B7033-E6D6-4C08-8E1C-15736B0A919D}
	EndGlobalSection
EndGlobal
