
Microsoft Visual Studio Solution File, Format Version 12.00
# Visual Studio 15
VisualStudioVersion = 15.0.27130.2020
MinimumVisualStudioVersion = 10.0.40219.1
Project("{FAE04EC0-301F-11D3-BF4B-00C04F79EFBC}") = "DemoCapas", "DemoCapas\DemoCapas.csproj", "{06F95A45-5CDD-4ED3-A9DB-B7C87ADCBBDD}"
EndProject
Project("{FAE04EC0-301F-11D3-BF4B-00C04F79EFBC}") = "DemoCapasBOL", "DemoCapasBOL\DemoCapasBOL.csproj", "{341E6DC8-C090-4534-A872-2C4D08D0F661}"
EndProject
Project("{FAE04EC0-301F-11D3-BF4B-00C04F79EFBC}") = "DemoCapasDAL", "DemoCapasDAL\DemoCapasDAL.csproj", "{896F7DF8-15E0-4F1D-88E8-3687B346EC2D}"
EndProject
Project("{FAE04EC0-301F-11D3-BF4B-00C04F79EFBC}") = "DemoCapasENL", "DemoCapasENL\DemoCapasENL.csproj", "{96587ACD-5FCE-4376-9396-E026173CED55}"
EndProject
Project("{2150E333-8FDC-42A3-9474-1A3956D46DE8}") = "scripts", "scripts", "{0E78D0C0-5EBF-4232-BFF6-E50BC890AFCF}"
	ProjectSection(SolutionItems) = preProject
		bd.sql = bd.sql
	EndProjectSection
EndProject
Global
	GlobalSection(SolutionConfigurationPlatforms) = preSolution
		Debug|Any CPU = Debug|Any CPU
		Release|Any CPU = Release|Any CPU
	EndGlobalSection
	GlobalSection(ProjectConfigurationPlatforms) = postSolution
		{06F95A45-5CDD-4ED3-A9DB-B7C87ADCBBDD}.Debug|Any CPU.ActiveCfg = Debug|Any CPU
		{06F95A45-5CDD-4ED3-A9DB-B7C87ADCBBDD}.Debug|Any CPU.Build.0 = Debug|Any CPU
		{06F95A45-5CDD-4ED3-A9DB-B7C87ADCBBDD}.Release|Any CPU.ActiveCfg = Release|Any CPU
		{06F95A45-5CDD-4ED3-A9DB-B7C87ADCBBDD}.Release|Any CPU.Build.0 = Release|Any CPU
		{341E6DC8-C090-4534-A872-2C4D08D0F661}.Debug|Any CPU.ActiveCfg = Debug|Any CPU
		{341E6DC8-C090-4534-A872-2C4D08D0F661}.Debug|Any CPU.Build.0 = Debug|Any CPU
		{341E6DC8-C090-4534-A872-2C4D08D0F661}.Release|Any CPU.ActiveCfg = Release|Any CPU
		{341E6DC8-C090-4534-A872-2C4D08D0F661}.Release|Any CPU.Build.0 = Release|Any CPU
		{896F7DF8-15E0-4F1D-88E8-3687B346EC2D}.Debug|Any CPU.ActiveCfg = Debug|Any CPU
		{896F7DF8-15E0-4F1D-88E8-3687B346EC2D}.Debug|Any CPU.Build.0 = Debug|Any CPU
		{896F7DF8-15E0-4F1D-88E8-3687B346EC2D}.Release|Any CPU.ActiveCfg = Release|Any CPU
		{896F7DF8-15E0-4F1D-88E8-3687B346EC2D}.Release|Any CPU.Build.0 = Release|Any CPU
		{96587ACD-5FCE-4376-9396-E026173CED55}.Debug|Any CPU.ActiveCfg = Debug|Any CPU
		{96587ACD-5FCE-4376-9396-E026173CED55}.Debug|Any CPU.Build.0 = Debug|Any CPU
		{96587ACD-5FCE-4376-9396-E026173CED55}.Release|Any CPU.ActiveCfg = Release|Any CPU
		{96587ACD-5FCE-4376-9396-E026173CED55}.Release|Any CPU.Build.0 = Release|Any CPU
	EndGlobalSection
	GlobalSection(SolutionProperties) = preSolution
		HideSolutionNode = FALSE
	EndGlobalSection
	GlobalSection(ExtensibilityGlobals) = postSolution
		SolutionGuid = {740B7F0B-5E20-4DC2-A8B6-8FB16B95AE6C}
	EndGlobalSection
EndGlobal
